// !$*UTF8*$!
{
	archiveVersion = 1;
	classes = {
	};
	objectVersion = 50;
	objects = {

/* Begin PBXBuildFile section */
		3052AC492EFCB83B008E55AD /* monokernel.metal in Sources */ = {isa = PBXBuildFile; fileRef = 3052AC482EFCB83B008E55AD /* monokernel.metal */; };
		30C670D72EAA81BB0052FB10 /* AppDelegate.m in Sources */ = {isa = PBXBuildFile; fileRef = 3A58E27B222F7D9900072892 /* AppDelegate.m */; };
		30E01EA52F0C6F3400F05947 /* param.cpp in Sources */ = {isa = PBXBuildFile; fileRef = 30E01EA42F0C6F3400F05947 /* param.cpp */; };
		30E01EAD2F0C779100F05947 /* problem_6.cpp in Sources */ = {isa = PBXBuildFile; fileRef = 30E01EAB2F0C779100F05947 /* problem_6.cpp */; };
		3A58E28C222F7ECD00072892 /* MetalRenderer.m in Sources */ = {isa = PBXBuildFile; fileRef = 3A58E28B222F7ECD00072892 /* MetalRenderer.m */; };
		3A58E292222F7F1700072892 /* main.m in Sources */ = {isa = PBXBuildFile; fileRef = 3A58E287222F7D9900072892 /* main.m */; };
		83E9F9A021ED16D900B393C1 /* Metal.framework in Frameworks */ = {isa = PBXBuildFile; fileRef = 83E9F99E21ED16D900B393C1 /* Metal.framework */; };
		83E9F9A121ED16D900B393C1 /* MetalKit.framework in Frameworks */ = {isa = PBXBuildFile; fileRef = 83E9F99F21ED16D900B393C1 /* MetalKit.framework */; };
/* End PBXBuildFile section */

/* Begin PBXFileReference section */
		3052AC482EFCB83B008E55AD /* monokernel.metal */ = {isa = PBXFileReference; fileEncoding = 4; lastKnownFileType = sourcecode.metal; path = monokernel.metal; sourceTree = "<group>"; usesTabs = 1; };
		30E01EA32F0C6F3400F05947 /* param.h */ = {isa = PBXFileReference; fileEncoding = 4; lastKnownFileType = sourcecode.c.h; path = param.h; sourceTree = "<group>"; usesTabs = 1; };
		30E01EA42F0C6F3400F05947 /* param.cpp */ = {isa = PBXFileReference; fileEncoding = 4; lastKnownFileType = sourcecode.cpp.cpp; path = param.cpp; sourceTree = "<group>"; usesTabs = 1; };
		30E01EAB2F0C779100F05947 /* problem_6.cpp */ = {isa = PBXFileReference; fileEncoding = 4; lastKnownFileType = sourcecode.cpp.cpp; name = problem_6.cpp; path = ../cg2_2014_demo/prob_7/problem_6.cpp; sourceTree = "<group>"; usesTabs = 1; };
		30E01EAC2F0C779100F05947 /* problem_6.hpp */ = {isa = PBXFileReference; fileEncoding = 4; lastKnownFileType = sourcecode.cpp.h; name = problem_6.hpp; path = ../cg2_2014_demo/prob_7/problem_6.hpp; sourceTree = "<group>"; usesTabs = 1; };
		3A58E27A222F7D9900072892 /* Info.plist */ = {isa = PBXFileReference; lastKnownFileType = text.plist.xml; path = Info.plist; sourceTree = "<group>"; };
		3A58E27B222F7D9900072892 /* AppDelegate.m */ = {isa = PBXFileReference; lastKnownFileType = sourcecode.c.objc; path = AppDelegate.m; sourceTree = "<group>"; usesTabs = 1; };
		3A58E287222F7D9900072892 /* main.m */ = {isa = PBXFileReference; lastKnownFileType = sourcecode.c.objc; path = main.m; sourceTree = "<group>"; usesTabs = 1; };
		3A58E288222F7D9900072892 /* AppDelegate.h */ = {isa = PBXFileReference; lastKnownFileType = sourcecode.c.h; path = AppDelegate.h; sourceTree = "<group>"; usesTabs = 1; };
		3A58E28A222F7ECD00072892 /* MetalRenderer.h */ = {isa = PBXFileReference; fileEncoding = 4; lastKnownFileType = sourcecode.c.h; path = MetalRenderer.h; sourceTree = "<group>"; usesTabs = 1; };
		3A58E28B222F7ECD00072892 /* MetalRenderer.m */ = {isa = PBXFileReference; fileEncoding = 4; lastKnownFileType = sourcecode.c.objc; path = MetalRenderer.m; sourceTree = "<group>"; usesTabs = 1; };
		83E9F98621ED168D00B393C1 /* MetalKitAndRenderingSetup.app */ = {isa = PBXFileReference; explicitFileType = wrapper.application; includeInIndex = 0; path = MetalKitAndRenderingSetup.app; sourceTree = BUILT_PRODUCTS_DIR; };
		83E9F99E21ED16D900B393C1 /* Metal.framework */ = {isa = PBXFileReference; lastKnownFileType = wrapper.framework; name = Metal.framework; path = System/Library/Frameworks/Metal.framework; sourceTree = SDKROOT; };
		83E9F99F21ED16D900B393C1 /* MetalKit.framework */ = {isa = PBXFileReference; lastKnownFileType = wrapper.framework; name = MetalKit.framework; path = System/Library/Frameworks/MetalKit.framework; sourceTree = SDKROOT; };
		CF7F421B23731058925FEE5E /* LICENSE.txt */ = {isa = PBXFileReference; includeInIndex = 1; lastKnownFileType = text; path = LICENSE.txt; sourceTree = "<group>"; };
		E68AA5E7D694DFFD45E38DF9 /* SampleCode.xcconfig */ = {isa = PBXFileReference; lastKnownFileType = text.xcconfig; name = SampleCode.xcconfig; path = Configuration/SampleCode.xcconfig; sourceTree = "<group>"; };
/* End PBXFileReference section */

/* Begin PBXFrameworksBuildPhase section */
		83E9F98321ED168D00B393C1 /* Frameworks */ = {
			isa = PBXFrameworksBuildPhase;
			buildActionMask = 2147483647;
			files = (
				83E9F9A021ED16D900B393C1 /* Metal.framework in Frameworks */,
				83E9F9A121ED16D900B393C1 /* MetalKit.framework in Frameworks */,
			);
			runOnlyForDeploymentPostprocessing = 0;
		};
/* End PBXFrameworksBuildPhase section */

/* Begin PBXGroup section */
		06447CA1F9D193197373CCA6 /* Configuration */ = {
			isa = PBXGroup;
			children = (
				E68AA5E7D694DFFD45E38DF9 /* SampleCode.xcconfig */,
			);
			name = Configuration;
			sourceTree = "<group>";
		};
		30C154442EF37A7E00AD7438 /* Kernel */ = {
			isa = PBXGroup;
			children = (
				3052AC482EFCB83B008E55AD /* monokernel.metal */,
			);
			path = Kernel;
			sourceTree = "<group>";
		};
		30E01EA22F0C6F3400F05947 /* Content */ = {
			isa = PBXGroup;
			children = (
				30E01EA32F0C6F3400F05947 /* param.h */,
				30E01EA42F0C6F3400F05947 /* param.cpp */,
			);
			path = Content;
			sourceTree = "<group>";
		};
		30E01EAA2F0C76C500F05947 /* extern */ = {
			isa = PBXGroup;
			children = (
				30E01EAB2F0C779100F05947 /* problem_6.cpp */,
				30E01EAC2F0C779100F05947 /* problem_6.hpp */,
			);
			name = extern;
			sourceTree = "<group>";
		};
		3A58E276222F7D9900072892 /* Application */ = {
			isa = PBXGroup;
			children = (
				3A58E288222F7D9900072892 /* AppDelegate.h */,
				3A58E27B222F7D9900072892 /* AppDelegate.m */,
				3A58E287222F7D9900072892 /* main.m */,
				3A58E277222F7D9900072892 /* macOS */,
			);
			path = Application;
			sourceTree = "<group>";
		};
		3A58E277222F7D9900072892 /* macOS */ = {
			isa = PBXGroup;
			children = (
				3A58E27A222F7D9900072892 /* Info.plist */,
			);
			path = macOS;
			sourceTree = "<group>";
		};
		7906F2CC2B9E43B80E66ED2D /* LICENSE */ = {
			isa = PBXGroup;
			children = (
				CF7F421B23731058925FEE5E /* LICENSE.txt */,
			);
			name = LICENSE;
			path = .;
			sourceTree = "<group>";
		};
		83E9F97D21ED168D00B393C1 = {
			isa = PBXGroup;
			children = (
				30E01EAA2F0C76C500F05947 /* extern */,
				30E01EA22F0C6F3400F05947 /* Content */,
				30C154442EF37A7E00AD7438 /* Kernel */,
				3A58E276222F7D9900072892 /* Application */,
				CF2B7FC6220B9DC7002847D1 /* Renderer */,
				83E9F98721ED168D00B393C1 /* Products */,
				83E9F99D21ED16D800B393C1 /* Frameworks */,
				06447CA1F9D193197373CCA6 /* Configuration */,
				7906F2CC2B9E43B80E66ED2D /* LICENSE */,
			);
			sourceTree = "<group>";
		};
		83E9F98721ED168D00B393C1 /* Products */ = {
			isa = PBXGroup;
			children = (
				83E9F98621ED168D00B393C1 /* MetalKitAndRenderingSetup.app */,
			);
			name = Products;
			sourceTree = "<group>";
		};
		83E9F99D21ED16D800B393C1 /* Frameworks */ = {
			isa = PBXGroup;
			children = (
				83E9F99E21ED16D900B393C1 /* Metal.framework */,
				83E9F99F21ED16D900B393C1 /* MetalKit.framework */,
			);
			name = Frameworks;
			sourceTree = "<group>";
		};
		CF2B7FC6220B9DC7002847D1 /* Renderer */ = {
			isa = PBXGroup;
			children = (
				3A58E28A222F7ECD00072892 /* MetalRenderer.h */,
				3A58E28B222F7ECD00072892 /* MetalRenderer.m */,
			);
			path = Renderer;
			sourceTree = "<group>";
		};
/* End PBXGroup section */

/* Begin PBXNativeTarget section */
		83E9F98521ED168D00B393C1 /* MetalKitAndRenderingSetup-macOS */ = {
			isa = PBXNativeTarget;
			buildConfigurationList = 83E9F99A21ED168F00B393C1 /* Build configuration list for PBXNativeTarget "MetalKitAndRenderingSetup-macOS" */;
			buildPhases = (
				83E9F98221ED168D00B393C1 /* Sources */,
				83E9F98321ED168D00B393C1 /* Frameworks */,
				83E9F98421ED168D00B393C1 /* Resources */,
			);
			buildRules = (
			);
			dependencies = (
			);
			name = "MetalKitAndRenderingSetup-macOS";
			productName = MetalKitAndRenderPasses;
			productReference = 83E9F98621ED168D00B393C1 /* MetalKitAndRenderingSetup.app */;
			productType = "com.apple.product-type.application";
		};
/* End PBXNativeTarget section */

/* Begin PBXProject section */
		83E9F97E21ED168D00B393C1 /* Project object */ = {
			isa = PBXProject;
			attributes = {
				LastUpgradeCheck = 1100;
				ORGANIZATIONNAME = Apple;
				TargetAttributes = {
					83E9F98521ED168D00B393C1 = {
						CreatedOnToolsVersion = 10.1;
						SystemCapabilities = {
							com.apple.Sandbox = {
								enabled = 0;
							};
						};
					};
				};
			};
			buildConfigurationList = 83E9F98121ED168D00B393C1 /* Build configuration list for PBXProject "MetalKitAndRenderingSetup" */;
			compatibilityVersion = "Xcode 9.3";
			developmentRegion = en;
			hasScannedForEncodings = 0;
			knownRegions = (
				en,
				Base,
			);
			mainGroup = 83E9F97D21ED168D00B393C1;
			productRefGroup = 83E9F98721ED168D00B393C1 /* Products */;
			projectDirPath = "";
			projectRoot = "";
			targets = (
				83E9F98521ED168D00B393C1 /* MetalKitAndRenderingSetup-macOS */,
			);
		};
/* End PBXProject section */

/* Begin PBXResourcesBuildPhase section */
		83E9F98421ED168D00B393C1 /* Resources */ = {
			isa = PBXResourcesBuildPhase;
			buildActionMask = 2147483647;
			files = (
			);
			runOnlyForDeploymentPostprocessing = 0;
		};
/* End PBXResourcesBuildPhase section */

/* Begin PBXSourcesBuildPhase section */
		83E9F98221ED168D00B393C1 /* Sources */ = {
			isa = PBXSourcesBuildPhase;
			buildActionMask = 2147483647;
			files = (
				30C670D72EAA81BB0052FB10 /* AppDelegate.m in Sources */,
				30E01EAD2F0C779100F05947 /* problem_6.cpp in Sources */,
				3A58E292222F7F1700072892 /* main.m in Sources */,
				3052AC492EFCB83B008E55AD /* monokernel.metal in Sources */,
				3A58E28C222F7ECD00072892 /* MetalRenderer.m in Sources */,
				30E01EA52F0C6F3400F05947 /* param.cpp in Sources */,
			);
			runOnlyForDeploymentPostprocessing = 0;
		};
/* End PBXSourcesBuildPhase section */

/* Begin XCBuildConfiguration section */
		83E9F99821ED168F00B393C1 /* Debug */ = {
			isa = XCBuildConfiguration;
			baseConfigurationReference = E68AA5E7D694DFFD45E38DF9 /* SampleCode.xcconfig */;
			buildSettings = {
				ALWAYS_SEARCH_USER_PATHS = NO;
				CLANG_ANALYZER_NONNULL = YES;
				CLANG_ANALYZER_NUMBER_OBJECT_CONVERSION = YES_AGGRESSIVE;
				CLANG_CXX_LANGUAGE_STANDARD = "gnu++14";
				CLANG_CXX_LIBRARY = "libc++";
				CLANG_ENABLE_MODULES = YES;
				CLANG_ENABLE_OBJC_ARC = YES;
				CLANG_ENABLE_OBJC_WEAK = YES;
				CLANG_WARN_BLOCK_CAPTURE_AUTORELEASING = YES;
				CLANG_WARN_BOOL_CONVERSION = YES;
				CLANG_WARN_COMMA = YES;
				CLANG_WARN_CONSTANT_CONVERSION = YES;
				CLANG_WARN_DEPRECATED_OBJC_IMPLEMENTATIONS = YES;
				CLANG_WARN_DIRECT_OBJC_ISA_USAGE = YES_ERROR;
				CLANG_WARN_DOCUMENTATION_COMMENTS = YES;
				CLANG_WARN_EMPTY_BODY = YES;
				CLANG_WARN_ENUM_CONVERSION = YES;
				CLANG_WARN_INFINITE_RECURSION = YES;
				CLANG_WARN_INT_CONVERSION = YES;
				CLANG_WARN_NON_LITERAL_NULL_CONVERSION = YES;
				CLANG_WARN_OBJC_IMPLICIT_RETAIN_SELF = YES;
				CLANG_WARN_OBJC_LITERAL_CONVERSION = YES;
				CLANG_WARN_OBJC_ROOT_CLASS = YES_ERROR;
				CLANG_WARN_RANGE_LOOP_ANALYSIS = YES;
				CLANG_WARN_STRICT_PROTOTYPES = YES;
				CLANG_WARN_SUSPICIOUS_MOVE = YES;
				CLANG_WARN_UNGUARDED_AVAILABILITY = YES_AGGRESSIVE;
				CLANG_WARN_UNREACHABLE_CODE = YES;
				CLANG_WARN__DUPLICATE_METHOD_MATCH = YES;
				CODE_SIGN_IDENTITY = "Mac Developer";
				COPY_PHASE_STRIP = NO;
				DEBUG_INFORMATION_FORMAT = dwarf;
				ENABLE_STRICT_OBJC_MSGSEND = YES;
				ENABLE_TESTABILITY = YES;
				GCC_C_LANGUAGE_STANDARD = gnu11;
				GCC_DYNAMIC_NO_PIC = NO;
				GCC_NO_COMMON_BLOCKS = YES;
				GCC_OPTIMIZATION_LEVEL = 0;
				GCC_PREPROCESSOR_DEFINITIONS = (
					"DEBUG=1",
					"$(inherited)",
				);
				GCC_WARN_64_TO_32_BIT_CONVERSION = YES;
				GCC_WARN_ABOUT_RETURN_TYPE = YES_ERROR;
				GCC_WARN_UNDECLARED_SELECTOR = YES;
				GCC_WARN_UNINITIALIZED_AUTOS = YES_AGGRESSIVE;
				GCC_WARN_UNUSED_FUNCTION = YES;
				GCC_WARN_UNUSED_VARIABLE = YES;
				MACOSX_DEPLOYMENT_TARGET = 11.1;
				MTL_ENABLE_DEBUG_INFO = INCLUDE_SOURCE;
				MTL_FAST_MATH = YES;
				ONLY_ACTIVE_ARCH = YES;
				SDKROOT = macosx;
			};
			name = Debug;
		};
		83E9F99921ED168F00B393C1 /* Release */ = {
			isa = XCBuildConfiguration;
			baseConfigurationReference = E68AA5E7D694DFFD45E38DF9 /* SampleCode.xcconfig */;
			buildSettings = {
				ALWAYS_SEARCH_USER_PATHS = NO;
				CLANG_ANALYZER_NONNULL = YES;
				CLANG_ANALYZER_NUMBER_OBJECT_CONVERSION = YES_AGGRESSIVE;
				CLANG_CXX_LANGUAGE_STANDARD = "gnu++14";
				CLANG_CXX_LIBRARY = "libc++";
				CLANG_ENABLE_MODULES = YES;
				CLANG_ENABLE_OBJC_ARC = YES;
				CLANG_ENABLE_OBJC_WEAK = YES;
				CLANG_WARN_BLOCK_CAPTURE_AUTORELEASING = YES;
				CLANG_WARN_BOOL_CONVERSION = YES;
				CLANG_WARN_COMMA = YES;
				CLANG_WARN_CONSTANT_CONVERSION = YES;
				CLANG_WARN_DEPRECATED_OBJC_IMPLEMENTATIONS = YES;
				CLANG_WARN_DIRECT_OBJC_ISA_USAGE = YES_ERROR;
				CLANG_WARN_DOCUMENTATION_COMMENTS = YES;
				CLANG_WARN_EMPTY_BODY = YES;
				CLANG_WARN_ENUM_CONVERSION = YES;
				CLANG_WARN_INFINITE_RECURSION = YES;
				CLANG_WARN_INT_CONVERSION = YES;
				CLANG_WARN_NON_LITERAL_NULL_CONVERSION = YES;
				CLANG_WARN_OBJC_IMPLICIT_RETAIN_SELF = YES;
				CLANG_WARN_OBJC_LITERAL_CONVERSION = YES;
				CLANG_WARN_OBJC_ROOT_CLASS = YES_ERROR;
				CLANG_WARN_RANGE_LOOP_ANALYSIS = YES;
				CLANG_WARN_STRICT_PROTOTYPES = YES;
				CLANG_WARN_SUSPICIOUS_MOVE = YES;
				CLANG_WARN_UNGUARDED_AVAILABILITY = YES_AGGRESSIVE;
				CLANG_WARN_UNREACHABLE_CODE = YES;
				CLANG_WARN__DUPLICATE_METHOD_MATCH = YES;
				CODE_SIGN_IDENTITY = "Mac Developer";
				COPY_PHASE_STRIP = NO;
				DEBUG_INFORMATION_FORMAT = "dwarf-with-dsym";
				ENABLE_NS_ASSERTIONS = NO;
				ENABLE_STRICT_OBJC_MSGSEND = YES;
				GCC_C_LANGUAGE_STANDARD = gnu11;
				GCC_NO_COMMON_BLOCKS = YES;
				GCC_OPTIMIZATION_LEVEL = 3;
				GCC_WARN_64_TO_32_BIT_CONVERSION = YES;
				GCC_WARN_ABOUT_RETURN_TYPE = YES_ERROR;
				GCC_WARN_UNDECLARED_SELECTOR = YES;
				GCC_WARN_UNINITIALIZED_AUTOS = YES_AGGRESSIVE;
				GCC_WARN_UNUSED_FUNCTION = YES;
				GCC_WARN_UNUSED_VARIABLE = YES;
				MACOSX_DEPLOYMENT_TARGET = 11.1;
				MTL_ENABLE_DEBUG_INFO = NO;
				MTL_FAST_MATH = YES;
				SDKROOT = macosx;
			};
			name = Release;
		};
		83E9F99B21ED168F00B393C1 /* Debug */ = {
			isa = XCBuildConfiguration;
			baseConfigurationReference = E68AA5E7D694DFFD45E38DF9 /* SampleCode.xcconfig */;
			buildSettings = {
				CODE_SIGN_IDENTITY = "-";
				COMBINE_HIDPI_IMAGES = YES;
				DEVELOPMENT_TEAM = "";
				ENABLE_HARDENED_RUNTIME = NO;
				ENABLE_USER_SCRIPT_SANDBOXING = YES;
				GCC_FAST_MATH = YES;
				GCC_PREPROCESSOR_DEFINITIONS = (
					"MINIMAL_TREE=1",
					"USE_DST_BUFFER=1",
				);
				HEADER_SEARCH_PATHS = (
					../cg2_2014_demo/common,
					../cg2_2014_demo/prob_7,
				);
				INFOPLIST_FILE = "$(SRCROOT)/Application/macOS/Info.plist";
				LD_RUNPATH_SEARCH_PATHS = (
					"$(inherited)",
					"@executable_path/../Frameworks",
				);
				MACOSX_DEPLOYMENT_TARGET = 11.1;
				MTL_PREPROCESSOR_DEFINITIONS = "INFINITE_RAY=1 USE_DST_BUFFER=1";
				PRECOMPS_INCLUDE_HEADERS_FROM_BUILT_PRODUCTS_DIR = NO;
				PRODUCT_BUNDLE_IDENTIFIER = "com.example.apple-samplecode.$(PRODUCT_NAME)${SAMPLE_CODE_DISAMBIGUATOR}";
				PRODUCT_NAME = MetalKitAndRenderingSetup;
				PROVISIONING_PROFILE_SPECIFIER = "";
				SHARED_PRECOMPS_DIR = "";
			};
			name = Debug;
		};
		83E9F99C21ED168F00B393C1 /* Release */ = {
			isa = XCBuildConfiguration;
			baseConfigurationReference = E68AA5E7D694DFFD45E38DF9 /* SampleCode.xcconfig */;
			buildSettings = {
				CODE_SIGN_IDENTITY = "-";
				COMBINE_HIDPI_IMAGES = YES;
				DEVELOPMENT_TEAM = "";
				ENABLE_HARDENED_RUNTIME = NO;
				ENABLE_USER_SCRIPT_SANDBOXING = YES;
				GCC_FAST_MATH = YES;
				GCC_GENERATE_DEBUGGING_SYMBOLS = NO;
				GCC_PREPROCESSOR_DEFINITIONS = (
					"MINIMAL_TREE=1",
					"USE_DST_BUFFER=1",
				);
				HEADER_SEARCH_PATHS = (
					../cg2_2014_demo/common,
					../cg2_2014_demo/prob_7,
				);
				INFOPLIST_FILE = "$(SRCROOT)/Application/macOS/Info.plist";
				LD_RUNPATH_SEARCH_PATHS = (
					"$(inherited)",
					"@executable_path/../Frameworks",
				);
				LLVM_LTO = YES;
				MACOSX_DEPLOYMENT_TARGET = 11.1;
				MTL_PREPROCESSOR_DEFINITIONS = "INFINITE_RAY=1 USE_DST_BUFFER=1";
				ONLY_ACTIVE_ARCH = YES;
				PRECOMPS_INCLUDE_HEADERS_FROM_BUILT_PRODUCTS_DIR = NO;
				PRODUCT_BUNDLE_IDENTIFIER = "com.example.apple-samplecode.$(PRODUCT_NAME)${SAMPLE_CODE_DISAMBIGUATOR}";
				PRODUCT_NAME = MetalKitAndRenderingSetup;
				PROVISIONING_PROFILE_SPECIFIER = "";
				SHARED_PRECOMPS_DIR = "";
			};
			name = Release;
		};
/* End XCBuildConfiguration section */

/* Begin XCConfigurationList section */
		83E9F98121ED168D00B393C1 /* Build configuration list for PBXProject "MetalKitAndRenderingSetup" */ = {
			isa = XCConfigurationList;
			buildConfigurations = (
				83E9F99821ED168F00B393C1 /* Debug */,
				83E9F99921ED168F00B393C1 /* Release */,
			);
			defaultConfigurationIsVisible = 0;
			defaultConfigurationName = Release;
		};
		83E9F99A21ED168F00B393C1 /* Build configuration list for PBXNativeTarget "MetalKitAndRenderingSetup-macOS" */ = {
			isa = XCConfigurationList;
			buildConfigurations = (
				83E9F99B21ED168F00B393C1 /* Debug */,
				83E9F99C21ED168F00B393C1 /* Release */,
			);
			defaultConfigurationIsVisible = 0;
			defaultConfigurationName = Release;
		};
/* End XCConfigurationList section */
	};
	rootObject = 83E9F97E21ED168D00B393C1 /* Project object */;
}
